<?xml version="1.0" encoding="utf-8"?>
<Project ToolsVersion="4.0" xmlns="http://schemas.microsoft.com/developer/msbuild/2003">
  <ItemGroup>
    <Filter Include="ソース ファイル">
      <UniqueIdentifier>{4FC737F1-C7A5-4376-A066-2A32D752A2FF}</UniqueIdentifier>
      <Extensions>cpp;c;cc;cxx;def;odl;idl;hpj;bat;asm;asmx</Extensions>
    </Filter>
    <Filter Include="ヘッダー ファイル">
      <UniqueIdentifier>{93995380-89BD-4b04-88EB-625FBE52EBFB}</UniqueIdentifier>
      <Extensions>h;hh;hpp;hxx;hm;inl;inc;xsd</Extensions>
    </Filter>
    <Filter Include="リソース ファイル">
      <UniqueIdentifier>{67DA6AB6-F800-4c08-8B7A-83BB121AAD01}</UniqueIdentifier>
      <Extensions>rc;ico;cur;bmp;dlg;rc2;rct;bin;rgs;gif;jpg;jpeg;jpe;resx;tiff;tif;png;wav;mfcribbon-ms</Extensions>
    </Filter>
    <Filter Include="ヘッダー ファイル\Shape">
      <UniqueIdentifier>{bbdcd081-15cc-48b9-a631-467d76815576}</UniqueIdentifier>
    </Filter>
    <Filter Include="ヘッダー ファイル\BattleObject">
      <UniqueIdentifier>{14447654-9144-4fa5-b1b6-f60d5b0fdaf9}</UniqueIdentifier>
    </Filter>
    <Filter Include="ソース ファイル\Shape">
      <UniqueIdentifier>{c5781a18-a959-41d4-a708-71e73eeaaeff}</UniqueIdentifier>
    </Filter>
    <Filter Include="ヘッダー ファイル\StageEditor">
      <UniqueIdentifier>{3665b97c-2c27-4851-bb4a-c29cb5cc422c}</UniqueIdentifier>
    </Filter>
    <Filter Include="ソース ファイル\StageEditor">
      <UniqueIdentifier>{096c65c4-c48a-4ead-bcd8-e420ec65775b}</UniqueIdentifier>
    </Filter>
    <Filter Include="ソース ファイル\BattleObject">
      <UniqueIdentifier>{7eab2a26-570f-4283-85f5-461bb47dc1dc}</UniqueIdentifier>
    </Filter>
    <Filter Include="ヘッダー ファイル\StageEditor\ButtonHaving">
      <UniqueIdentifier>{8c1c976e-c225-42c1-8b94-b92e8fe45dd4}</UniqueIdentifier>
    </Filter>
    <Filter Include="ヘッダー ファイル\StageEditor\ButtonHaving\EditAction">
      <UniqueIdentifier>{599af77b-873d-4cf0-892e-93a9b1b0ca79}</UniqueIdentifier>
    </Filter>
    <Filter Include="ソース ファイル\StageEditor\ButtonHaving">
      <UniqueIdentifier>{6d36b7d0-ae44-46d1-9f21-ef1cd6c20383}</UniqueIdentifier>
    </Filter>
    <Filter Include="ソース ファイル\StageEditor\ButtonHaving\EditAction">
      <UniqueIdentifier>{8496f0c0-aae9-4177-b0b0-02b8b881e21d}</UniqueIdentifier>
    </Filter>
    <Filter Include="ヘッダー ファイル\StageEditor\ButtonHaving\ShapeFactory">
      <UniqueIdentifier>{c83af13f-477f-426d-a548-67c1d4dc237b}</UniqueIdentifier>
    </Filter>
    <Filter Include="ソース ファイル\StageEditor\ButtonHaving\ShapeFactory">
      <UniqueIdentifier>{b166f883-0a2d-4cc8-8b05-e42a0611e23c}</UniqueIdentifier>
    </Filter>
  </ItemGroup>
  <ItemGroup>
    <ClCompile Include="main.cpp">
      <Filter>ソース ファイル</Filter>
    </ClCompile>
    <ClCompile Include="input.cpp">
      <Filter>ソース ファイル</Filter>
    </ClCompile>
    <ClCompile Include="MyAngledTriangle.cpp">
      <Filter>ソース ファイル\Shape</Filter>
    </ClCompile>
    <ClCompile Include="MyCircle.cpp">
      <Filter>ソース ファイル\Shape</Filter>
    </ClCompile>
    <ClCompile Include="MyRectangle.cpp">
      <Filter>ソース ファイル\Shape</Filter>
    </ClCompile>
    <ClCompile Include="MyShape.cpp">
      <Filter>ソース ファイル\Shape</Filter>
    </ClCompile>
    <ClCompile Include="EditActionSettings.cpp">
      <Filter>ソース ファイル\StageEditor</Filter>
    </ClCompile>
    <ClCompile Include="GGEditor.cpp">
      <Filter>ソース ファイル\StageEditor</Filter>
    </ClCompile>
    <ClCompile Include="Terrain.cpp">
      <Filter>ソース ファイル\BattleObject</Filter>
    </ClCompile>
    <ClCompile Include="BattleObject.cpp">
      <Filter>ソース ファイル\BattleObject</Filter>
    </ClCompile>
    <ClCompile Include="ToolsLib.cpp">
      <Filter>ソース ファイル</Filter>
    </ClCompile>
    <ClCompile Include="EditAction.cpp">
      <Filter>ソース ファイル\StageEditor\ButtonHaving\EditAction</Filter>
    </ClCompile>
    <ClCompile Include="EditMove.cpp">
      <Filter>ソース ファイル\StageEditor\ButtonHaving\EditAction</Filter>
    </ClCompile>
    <ClCompile Include="EditPut.cpp">
      <Filter>ソース ファイル\StageEditor\ButtonHaving\EditAction</Filter>
    </ClCompile>
    <ClCompile Include="EditRemove.cpp">
      <Filter>ソース ファイル\StageEditor\ButtonHaving\EditAction</Filter>
    </ClCompile>
    <ClCompile Include="EditResize.cpp">
      <Filter>ソース ファイル\StageEditor\ButtonHaving\EditAction</Filter>
    </ClCompile>
    <ClCompile Include="ScrollBar.cpp">
      <Filter>ソース ファイル\StageEditor\ButtonHaving</Filter>
    </ClCompile>
    <ClCompile Include="ShapeFactory.cpp">
      <Filter>ソース ファイル\StageEditor\ButtonHaving\ShapeFactory</Filter>
    </ClCompile>
    <ClCompile Include="RectangleFactory.cpp">
      <Filter>ソース ファイル\StageEditor\ButtonHaving\ShapeFactory</Filter>
    </ClCompile>
  </ItemGroup>
  <ItemGroup>
    <ClInclude Include="ToolsLib.h">
      <Filter>ヘッダー ファイル</Filter>
    </ClInclude>
    <ClInclude Include="input.h">
      <Filter>ヘッダー ファイル</Filter>
    </ClInclude>
    <ClInclude Include="MyAngledTriangle.h">
      <Filter>ヘッダー ファイル\Shape</Filter>
    </ClInclude>
    <ClInclude Include="MyCircle.h">
      <Filter>ヘッダー ファイル\Shape</Filter>
    </ClInclude>
    <ClInclude Include="MyRectangle.h">
      <Filter>ヘッダー ファイル\Shape</Filter>
    </ClInclude>
    <ClInclude Include="MyShape.h">
      <Filter>ヘッダー ファイル\Shape</Filter>
    </ClInclude>
    <ClInclude Include="BattleObject.h">
      <Filter>ヘッダー ファイル\BattleObject</Filter>
    </ClInclude>
    <ClInclude Include="Terrain.h">
      <Filter>ヘッダー ファイル\BattleObject</Filter>
    </ClInclude>
    <ClInclude Include="GGEditor.h">
      <Filter>ヘッダー ファイル\StageEditor</Filter>
    </ClInclude>
    <ClInclude Include="EditMove.h">
      <Filter>ヘッダー ファイル\StageEditor\ButtonHaving\EditAction</Filter>
    </ClInclude>
    <ClInclude Include="EditPut.h">
      <Filter>ヘッダー ファイル\StageEditor\ButtonHaving\EditAction</Filter>
    </ClInclude>
    <ClInclude Include="EditRemove.h">
      <Filter>ヘッダー ファイル\StageEditor\ButtonHaving\EditAction</Filter>
    </ClInclude>
    <ClInclude Include="EditResize.h">
      <Filter>ヘッダー ファイル\StageEditor\ButtonHaving\EditAction</Filter>
    </ClInclude>
    <ClInclude Include="EditAction.h">
      <Filter>ヘッダー ファイル\StageEditor\ButtonHaving\EditAction</Filter>
    </ClInclude>
    <ClInclude Include="EditActionSettings.h">
      <Filter>ヘッダー ファイル\StageEditor</Filter>
    </ClInclude>
    <ClInclude Include="ButtonHaving.h">
      <Filter>ヘッダー ファイル\StageEditor\ButtonHaving</Filter>
    </ClInclude>
    <ClInclude Include="ScrollBar.h">
      <Filter>ヘッダー ファイル\StageEditor\ButtonHaving</Filter>
    </ClInclude>
    <ClInclude Include="ShapeFactory.h">
      <Filter>ヘッダー ファイル\StageEditor\ButtonHaving\ShapeFactory</Filter>
    </ClInclude>
    <ClInclude Include="RectangleFactory.h">
      <Filter>ヘッダー ファイル\StageEditor\ButtonHaving\ShapeFactory</Filter>
    </ClInclude>
  </ItemGroup>
</Project>